
Microsoft Visual Studio Solution File, Format Version 12.00
# Visual Studio Version 17
VisualStudioVersion = 17.7.34202.233
MinimumVisualStudioVersion = 10.0.40219.1
Project("{FAE04EC0-301F-11D3-BF4B-00C04F79EFBC}") = "fagprove", "backend/backend.csproj", "{9EDFC88F-862F-4C94-A7B1-27EF3FB1EC26}"
EndProject
Global
	GlobalSection(SolutionConfigurationPlatforms) = preSolution
		Debug|Any CPU = Debug|Any CPU
		Release|Any CPU = Release|Any CPU
	EndGlobalSection
	GlobalSection(ProjectConfigurationPlatforms) = postSolution
		{9EDFC88F-862F-4C94-A7B1-27EF3FB1EC26}.Debug|Any CPU.ActiveCfg = Debug|Any CPU
		{9EDFC88F-862F-4C94-A7B1-27EF3FB1EC26}.Debug|Any CPU.Build.0 = Debug|Any CPU
		{9EDFC88F-862F-4C94-A7B1-27EF3FB1EC26}.Release|Any CPU.ActiveCfg = Release|Any CPU
		{9EDFC88F-862F-4C94-A7B1-27EF3FB1EC26}.Release|Any CPU.Build.0 = Release|Any CPU
	EndGlobalSection
	GlobalSection(SolutionProperties) = preSolution
		HideSolutionNode = FALSE
	EndGlobalSection
	GlobalSection(ExtensibilityGlobals) = postSolution
		SolutionGuid = {4F772560-A669-4F34-9B70-EFC4BD310844}
	EndGlobalSection
EndGlobal
